
Microsoft Visual Studio Solution File, Format Version 12.00
# Visual Studio Version 16
VisualStudioVersion = 25.0.1704.0
MinimumVisualStudioVersion = 10.0.40219.1
Project("{FAE04EC0-301F-11D3-BF4B-00C04F79EFBC}") = "Cyberbezpieczenstwo", "Cyberbezpieczenstwo\Cyberbezpieczenstwo.csproj", "{47202E10-FA5D-4507-954D-3EB70A94B7F4}"
EndProject
Global
	GlobalSection(SolutionConfigurationPlatforms) = preSolution
		Debug|Any CPU = Debug|Any CPU
		Release|Any CPU = Release|Any CPU
	EndGlobalSection
	GlobalSection(ProjectConfigurationPlatforms) = postSolution
		{47202E10-FA5D-4507-954D-3EB70A94B7F4}.Debug|Any CPU.ActiveCfg = Debug|Any CPU
		{47202E10-FA5D-4507-954D-3EB70A94B7F4}.Debug|Any CPU.Build.0 = Debug|Any CPU
		{47202E10-FA5D-4507-954D-3EB70A94B7F4}.Release|Any CPU.ActiveCfg = Release|Any CPU
		{47202E10-FA5D-4507-954D-3EB70A94B7F4}.Release|Any CPU.Build.0 = Release|Any CPU
	EndGlobalSection
	GlobalSection(SolutionProperties) = preSolution
		HideSolutionNode = FALSE
	EndGlobalSection
	GlobalSection(ExtensibilityGlobals) = postSolution
		SolutionGuid = {C0C28F01-5486-45ED-A430-1DF2E4B1AA8C}
	EndGlobalSection
EndGlobal
